
Microsoft Visual Studio Solution File, Format Version 12.00
# Visual Studio Version 17
VisualStudioVersion = 17.8.34330.188
MinimumVisualStudioVersion = 10.0.40219.1
Project("{FAE04EC0-301F-11D3-BF4B-00C04F79EFBC}") = "Ex01_02", "Ex01_02\Ex01_02.csproj", "{DF93E89F-2ECB-4532-965D-60CDD686DB07}"
EndProject
Project("{FAE04EC0-301F-11D3-BF4B-00C04F79EFBC}") = "Ex01_03", "Ex01_03\Ex01_03.csproj", "{B9A29A53-6FC8-4228-8109-580788AA0390}"
EndProject
Project("{FAE04EC0-301F-11D3-BF4B-00C04F79EFBC}") = "Ex01_04", "Ex01_04\Ex01_04.csproj", "{72CDACAC-4131-4143-A5D4-14C5A2C14E9D}"
EndProject
Project("{FAE04EC0-301F-11D3-BF4B-00C04F79EFBC}") = "Ex01_05", "Ex01_05\Ex01_05.csproj", "{F1A8CF2E-4AFD-4CFE-8053-A54FA2E34E13}"
EndProject
Project("{FAE04EC0-301F-11D3-BF4B-00C04F79EFBC}") = "Ex01_01", "Ex01_01\Ex01_01.csproj", "{3120DD7A-DE0A-4CCD-A338-A4EA0BE82B53}"
EndProject
Global
	GlobalSection(SolutionConfigurationPlatforms) = preSolution
		Debug|Any CPU = Debug|Any CPU
		Release|Any CPU = Release|Any CPU
	EndGlobalSection
	GlobalSection(ProjectConfigurationPlatforms) = postSolution
		{DF93E89F-2ECB-4532-965D-60CDD686DB07}.Debug|Any CPU.ActiveCfg = Debug|Any CPU
		{DF93E89F-2ECB-4532-965D-60CDD686DB07}.Debug|Any CPU.Build.0 = Debug|Any CPU
		{DF93E89F-2ECB-4532-965D-60CDD686DB07}.Release|Any CPU.ActiveCfg = Release|Any CPU
		{DF93E89F-2ECB-4532-965D-60CDD686DB07}.Release|Any CPU.Build.0 = Release|Any CPU
		{B9A29A53-6FC8-4228-8109-580788AA0390}.Debug|Any CPU.ActiveCfg = Debug|Any CPU
		{B9A29A53-6FC8-4228-8109-580788AA0390}.Debug|Any CPU.Build.0 = Debug|Any CPU
		{B9A29A53-6FC8-4228-8109-580788AA0390}.Release|Any CPU.ActiveCfg = Release|Any CPU
		{B9A29A53-6FC8-4228-8109-580788AA0390}.Release|Any CPU.Build.0 = Release|Any CPU
		{72CDACAC-4131-4143-A5D4-14C5A2C14E9D}.Debug|Any CPU.ActiveCfg = Debug|Any CPU
		{72CDACAC-4131-4143-A5D4-14C5A2C14E9D}.Debug|Any CPU.Build.0 = Debug|Any CPU
		{72CDACAC-4131-4143-A5D4-14C5A2C14E9D}.Release|Any CPU.ActiveCfg = Release|Any CPU
		{72CDACAC-4131-4143-A5D4-14C5A2C14E9D}.Release|Any CPU.Build.0 = Release|Any CPU
		{F1A8CF2E-4AFD-4CFE-8053-A54FA2E34E13}.Debug|Any CPU.ActiveCfg = Debug|Any CPU
		{F1A8CF2E-4AFD-4CFE-8053-A54FA2E34E13}.Debug|Any CPU.Build.0 = Debug|Any CPU
		{F1A8CF2E-4AFD-4CFE-8053-A54FA2E34E13}.Release|Any CPU.ActiveCfg = Release|Any CPU
		{F1A8CF2E-4AFD-4CFE-8053-A54FA2E34E13}.Release|Any CPU.Build.0 = Release|Any CPU
		{3120DD7A-DE0A-4CCD-A338-A4EA0BE82B53}.Debug|Any CPU.ActiveCfg = Debug|Any CPU
		{3120DD7A-DE0A-4CCD-A338-A4EA0BE82B53}.Debug|Any CPU.Build.0 = Debug|Any CPU
		{3120DD7A-DE0A-4CCD-A338-A4EA0BE82B53}.Release|Any CPU.ActiveCfg = Release|Any CPU
		{3120DD7A-DE0A-4CCD-A338-A4EA0BE82B53}.Release|Any CPU.Build.0 = Release|Any CPU
	EndGlobalSection
	GlobalSection(SolutionProperties) = preSolution
		HideSolutionNode = FALSE
	EndGlobalSection
	GlobalSection(ExtensibilityGlobals) = postSolution
		SolutionGuid = {DD4D2102-A71F-495F-AA4D-75C93BD4084D}
	EndGlobalSection
EndGlobal
